
Microsoft Visual Studio Solution File, Format Version 12.00
# Visual Studio Version 17
VisualStudioVersion = 17.0.32014.148
MinimumVisualStudioVersion = 10.0.40219.1
Project("{9A19103F-16F7-4668-BE54-9A1E7A4F7556}") = "redmine_rss_func", "redmine_rss_func\redmine_rss_func.csproj", "{FB461E33-C8EA-46FE-9EE4-A4D38166554C}"
EndProject
Project("{9A19103F-16F7-4668-BE54-9A1E7A4F7556}") = "test_redmine_rss_func", "test_redmine_rss_func\test_redmine_rss_func.csproj", "{ADEAE6F6-7657-4DCB-BEB3-1A7F77D0BEED}"
EndProject
Global
	GlobalSection(SolutionConfigurationPlatforms) = preSolution
		Debug|Any CPU = Debug|Any CPU
		Release|Any CPU = Release|Any CPU
	EndGlobalSection
	GlobalSection(ProjectConfigurationPlatforms) = postSolution
		{FB461E33-C8EA-46FE-9EE4-A4D38166554C}.Debug|Any CPU.ActiveCfg = Debug|Any CPU
		{FB461E33-C8EA-46FE-9EE4-A4D38166554C}.Debug|Any CPU.Build.0 = Debug|Any CPU
		{FB461E33-C8EA-46FE-9EE4-A4D38166554C}.Release|Any CPU.ActiveCfg = Release|Any CPU
		{FB461E33-C8EA-46FE-9EE4-A4D38166554C}.Release|Any CPU.Build.0 = Release|Any CPU
		{ADEAE6F6-7657-4DCB-BEB3-1A7F77D0BEED}.Debug|Any CPU.ActiveCfg = Debug|Any CPU
		{ADEAE6F6-7657-4DCB-BEB3-1A7F77D0BEED}.Debug|Any CPU.Build.0 = Debug|Any CPU
		{ADEAE6F6-7657-4DCB-BEB3-1A7F77D0BEED}.Release|Any CPU.ActiveCfg = Release|Any CPU
		{ADEAE6F6-7657-4DCB-BEB3-1A7F77D0BEED}.Release|Any CPU.Build.0 = Release|Any CPU
	EndGlobalSection
	GlobalSection(SolutionProperties) = preSolution
		HideSolutionNode = FALSE
	EndGlobalSection
	GlobalSection(ExtensibilityGlobals) = postSolution
		SolutionGuid = {CB693440-A318-466D-896B-72C8AD278739}
	EndGlobalSection
EndGlobal
